
Microsoft Visual Studio Solution File, Format Version 12.00
# Visual Studio 15
VisualStudioVersion = 15.0.28307.1209
MinimumVisualStudioVersion = 10.0.40219.1
Project("{FAE04EC0-301F-11D3-BF4B-00C04F79EFBC}") = "WPFListOfEnteredStrings", "WPFListOfEnteredStrings\WPFListOfEnteredStrings.csproj", "{98F4057E-E483-4EC0-9110-854CFB36E749}"
EndProject
Global
	GlobalSection(SolutionConfigurationPlatforms) = preSolution
		Debug|Any CPU = Debug|Any CPU
		Release|Any CPU = Release|Any CPU
	EndGlobalSection
	GlobalSection(ProjectConfigurationPlatforms) = postSolution
		{98F4057E-E483-4EC0-9110-854CFB36E749}.Debug|Any CPU.ActiveCfg = Debug|Any CPU
		{98F4057E-E483-4EC0-9110-854CFB36E749}.Debug|Any CPU.Build.0 = Debug|Any CPU
		{98F4057E-E483-4EC0-9110-854CFB36E749}.Release|Any CPU.ActiveCfg = Release|Any CPU
		{98F4057E-E483-4EC0-9110-854CFB36E749}.Release|Any CPU.Build.0 = Release|Any CPU
	EndGlobalSection
	GlobalSection(SolutionProperties) = preSolution
		HideSolutionNode = FALSE
	EndGlobalSection
	GlobalSection(ExtensibilityGlobals) = postSolution
		SolutionGuid = {C782EC25-FC96-4DAA-978D-9EE313275100}
	EndGlobalSection
EndGlobal
